// !$*UTF8*$!
{
	archiveVersion = 1;
	classes = {
	};
	objectVersion = 50;
	objects = {

/* Begin PBXBuildFile section */
		AC9D428820B66E0900AD4BD4 /* AppDelegate.swift in Sources */ = {isa = PBXBuildFile; fileRef = AC9D428720B66E0900AD4BD4 /* AppDelegate.swift */; };
		AC9D428A20B66E0900AD4BD4 /* ViewController.swift in Sources */ = {isa = PBXBuildFile; fileRef = AC9D428920B66E0900AD4BD4 /* ViewController.swift */; };
		AC9D428D20B66E0900AD4BD4 /* OnBoarding.storyboard in Resources */ = {isa = PBXBuildFile; fileRef = AC9D428B20B66E0900AD4BD4 /* OnBoarding.storyboard */; };
		AC9D429020B66E0900AD4BD4 /* Dream_CastleSP.xcdatamodeld in Sources */ = {isa = PBXBuildFile; fileRef = AC9D428E20B66E0900AD4BD4 /* Dream_CastleSP.xcdatamodeld */; };
		AC9D429220B66E0B00AD4BD4 /* Assets.xcassets in Resources */ = {isa = PBXBuildFile; fileRef = AC9D429120B66E0B00AD4BD4 /* Assets.xcassets */; };
		AC9D429520B66E0B00AD4BD4 /* LaunchScreen.storyboard in Resources */ = {isa = PBXBuildFile; fileRef = AC9D429320B66E0B00AD4BD4 /* LaunchScreen.storyboard */; };
		AC9D42A020B66E0B00AD4BD4 /* Dream_CastleSPTests.swift in Sources */ = {isa = PBXBuildFile; fileRef = AC9D429F20B66E0B00AD4BD4 /* Dream_CastleSPTests.swift */; };
		AC9D42AB20B66E0B00AD4BD4 /* Dream_CastleSPUITests.swift in Sources */ = {isa = PBXBuildFile; fileRef = AC9D42AA20B66E0B00AD4BD4 /* Dream_CastleSPUITests.swift */; };
		ACC7050220B81D2A004ED4B0 /* Result.framework in Frameworks */ = {isa = PBXBuildFile; fileRef = ACC7050020B81D29004ED4B0 /* Result.framework */; };
		ACC7050320B81D2A004ED4B0 /* ReactiveSwift.framework in Frameworks */ = {isa = PBXBuildFile; fileRef = ACC7050120B81D29004ED4B0 /* ReactiveSwift.framework */; };
/* End PBXBuildFile section */

/* Begin PBXContainerItemProxy section */
		AC9D429C20B66E0B00AD4BD4 /* PBXContainerItemProxy */ = {
			isa = PBXContainerItemProxy;
			containerPortal = AC9D427C20B66E0900AD4BD4 /* Project object */;
			proxyType = 1;
			remoteGlobalIDString = AC9D428320B66E0900AD4BD4;
			remoteInfo = "Dream-CastleSP";
		};
		AC9D42A720B66E0B00AD4BD4 /* PBXContainerItemProxy */ = {
			isa = PBXContainerItemProxy;
			containerPortal = AC9D427C20B66E0900AD4BD4 /* Project object */;
			proxyType = 1;
			remoteGlobalIDString = AC9D428320B66E0900AD4BD4;
			remoteInfo = "Dream-CastleSP";
		};
/* End PBXContainerItemProxy section */

/* Begin PBXFileReference section */
		AC9D428420B66E0900AD4BD4 /* Dream-CastleSP.app */ = {isa = PBXFileReference; explicitFileType = wrapper.application; includeInIndex = 0; path = "Dream-CastleSP.app"; sourceTree = BUILT_PRODUCTS_DIR; };
		AC9D428720B66E0900AD4BD4 /* AppDelegate.swift */ = {isa = PBXFileReference; lastKnownFileType = sourcecode.swift; path = AppDelegate.swift; sourceTree = "<group>"; };
		AC9D428920B66E0900AD4BD4 /* ViewController.swift */ = {isa = PBXFileReference; lastKnownFileType = sourcecode.swift; path = ViewController.swift; sourceTree = "<group>"; };
		AC9D428C20B66E0900AD4BD4 /* Base */ = {isa = PBXFileReference; lastKnownFileType = file.storyboard; name = Base; path = Base.lproj/OnBoarding.storyboard; sourceTree = "<group>"; };
		AC9D428F20B66E0900AD4BD4 /* Dream_CastleSP.xcdatamodel */ = {isa = PBXFileReference; lastKnownFileType = wrapper.xcdatamodel; path = Dream_CastleSP.xcdatamodel; sourceTree = "<group>"; };
		AC9D429120B66E0B00AD4BD4 /* Assets.xcassets */ = {isa = PBXFileReference; lastKnownFileType = folder.assetcatalog; path = Assets.xcassets; sourceTree = "<group>"; };
		AC9D429420B66E0B00AD4BD4 /* Base */ = {isa = PBXFileReference; lastKnownFileType = file.storyboard; name = Base; path = Base.lproj/LaunchScreen.storyboard; sourceTree = "<group>"; };
		AC9D429620B66E0B00AD4BD4 /* Info.plist */ = {isa = PBXFileReference; lastKnownFileType = text.plist.xml; path = Info.plist; sourceTree = "<group>"; };
		AC9D429B20B66E0B00AD4BD4 /* Dream-CastleSPTests.xctest */ = {isa = PBXFileReference; explicitFileType = wrapper.cfbundle; includeInIndex = 0; path = "Dream-CastleSPTests.xctest"; sourceTree = BUILT_PRODUCTS_DIR; };
		AC9D429F20B66E0B00AD4BD4 /* Dream_CastleSPTests.swift */ = {isa = PBXFileReference; lastKnownFileType = sourcecode.swift; path = Dream_CastleSPTests.swift; sourceTree = "<group>"; };
		AC9D42A120B66E0B00AD4BD4 /* Info.plist */ = {isa = PBXFileReference; lastKnownFileType = text.plist.xml; path = Info.plist; sourceTree = "<group>"; };
		AC9D42A620B66E0B00AD4BD4 /* Dream-CastleSPUITests.xctest */ = {isa = PBXFileReference; explicitFileType = wrapper.cfbundle; includeInIndex = 0; path = "Dream-CastleSPUITests.xctest"; sourceTree = BUILT_PRODUCTS_DIR; };
		AC9D42AA20B66E0B00AD4BD4 /* Dream_CastleSPUITests.swift */ = {isa = PBXFileReference; lastKnownFileType = sourcecode.swift; path = Dream_CastleSPUITests.swift; sourceTree = "<group>"; };
		AC9D42AC20B66E0B00AD4BD4 /* Info.plist */ = {isa = PBXFileReference; lastKnownFileType = text.plist.xml; path = Info.plist; sourceTree = "<group>"; };
		ACC7050020B81D29004ED4B0 /* Result.framework */ = {isa = PBXFileReference; lastKnownFileType = wrapper.framework; name = Result.framework; path = Carthage/Build/iOS/Result.framework; sourceTree = "<group>"; };
		ACC7050120B81D29004ED4B0 /* ReactiveSwift.framework */ = {isa = PBXFileReference; lastKnownFileType = wrapper.framework; name = ReactiveSwift.framework; path = Carthage/Build/iOS/ReactiveSwift.framework; sourceTree = "<group>"; };
/* End PBXFileReference section */

/* Begin PBXFrameworksBuildPhase section */
		AC9D428120B66E0900AD4BD4 /* Frameworks */ = {
			isa = PBXFrameworksBuildPhase;
			buildActionMask = 2147483647;
			files = (
				ACC7050220B81D2A004ED4B0 /* Result.framework in Frameworks */,
				ACC7050320B81D2A004ED4B0 /* ReactiveSwift.framework in Frameworks */,
			);
			runOnlyForDeploymentPostprocessing = 0;
		};
		AC9D429820B66E0B00AD4BD4 /* Frameworks */ = {
			isa = PBXFrameworksBuildPhase;
			buildActionMask = 2147483647;
			files = (
			);
			runOnlyForDeploymentPostprocessing = 0;
		};
		AC9D42A320B66E0B00AD4BD4 /* Frameworks */ = {
			isa = PBXFrameworksBuildPhase;
			buildActionMask = 2147483647;
			files = (
			);
			runOnlyForDeploymentPostprocessing = 0;
		};
/* End PBXFrameworksBuildPhase section */

/* Begin PBXGroup section */
		AC9D427B20B66E0900AD4BD4 = {
			isa = PBXGroup;
			children = (
				AC9D428620B66E0900AD4BD4 /* Dream-CastleSP */,
				AC9D429E20B66E0B00AD4BD4 /* Dream-CastleSPTests */,
				AC9D42A920B66E0B00AD4BD4 /* Dream-CastleSPUITests */,
				AC9D428520B66E0900AD4BD4 /* Products */,
				ACE8EB8620B6C1EF00C091F0 /* Frameworks */,
			);
			sourceTree = "<group>";
		};
		AC9D428520B66E0900AD4BD4 /* Products */ = {
			isa = PBXGroup;
			children = (
				AC9D428420B66E0900AD4BD4 /* Dream-CastleSP.app */,
				AC9D429B20B66E0B00AD4BD4 /* Dream-CastleSPTests.xctest */,
				AC9D42A620B66E0B00AD4BD4 /* Dream-CastleSPUITests.xctest */,
			);
			name = Products;
			sourceTree = "<group>";
		};
		AC9D428620B66E0900AD4BD4 /* Dream-CastleSP */ = {
			isa = PBXGroup;
			children = (
				ACC7050620B82701004ED4B0 /* Application */,
				ACC7050520B826F8004ED4B0 /* Views */,
				ACC7050420B826F0004ED4B0 /* Extensions */,
				ACE8EB8520B6BE4200C091F0 /* Storyboards */,
				AC9D428720B66E0900AD4BD4 /* AppDelegate.swift */,
				AC9D428920B66E0900AD4BD4 /* ViewController.swift */,
				AC9D429120B66E0B00AD4BD4 /* Assets.xcassets */,
				AC9D429620B66E0B00AD4BD4 /* Info.plist */,
				AC9D428E20B66E0900AD4BD4 /* Dream_CastleSP.xcdatamodeld */,
			);
			path = "Dream-CastleSP";
			sourceTree = "<group>";
		};
		AC9D429E20B66E0B00AD4BD4 /* Dream-CastleSPTests */ = {
			isa = PBXGroup;
			children = (
				AC9D429F20B66E0B00AD4BD4 /* Dream_CastleSPTests.swift */,
				AC9D42A120B66E0B00AD4BD4 /* Info.plist */,
			);
			path = "Dream-CastleSPTests";
			sourceTree = "<group>";
		};
		AC9D42A920B66E0B00AD4BD4 /* Dream-CastleSPUITests */ = {
			isa = PBXGroup;
			children = (
				AC9D42AA20B66E0B00AD4BD4 /* Dream_CastleSPUITests.swift */,
				AC9D42AC20B66E0B00AD4BD4 /* Info.plist */,
			);
			path = "Dream-CastleSPUITests";
			sourceTree = "<group>";
		};
		ACC7050420B826F0004ED4B0 /* Extensions */ = {
			isa = PBXGroup;
			children = (
			);
			path = Extensions;
			sourceTree = "<group>";
		};
		ACC7050520B826F8004ED4B0 /* Views */ = {
			isa = PBXGroup;
			children = (
			);
			path = Views;
			sourceTree = "<group>";
		};
		ACC7050620B82701004ED4B0 /* Application */ = {
			isa = PBXGroup;
			children = (
			);
			path = Application;
			sourceTree = "<group>";
		};
		ACE8EB8520B6BE4200C091F0 /* Storyboards */ = {
			isa = PBXGroup;
			children = (
				AC9D429320B66E0B00AD4BD4 /* LaunchScreen.storyboard */,
				AC9D428B20B66E0900AD4BD4 /* OnBoarding.storyboard */,
			);
			path = Storyboards;
			sourceTree = "<group>";
		};
		ACE8EB8620B6C1EF00C091F0 /* Frameworks */ = {
			isa = PBXGroup;
			children = (
				ACC7050120B81D29004ED4B0 /* ReactiveSwift.framework */,
				ACC7050020B81D29004ED4B0 /* Result.framework */,
			);
			name = Frameworks;
			sourceTree = "<group>";
		};
/* End PBXGroup section */

/* Begin PBXNativeTarget section */
		AC9D428320B66E0900AD4BD4 /* Dream-CastleSP */ = {
			isa = PBXNativeTarget;
			buildConfigurationList = AC9D42AF20B66E0B00AD4BD4 /* Build configuration list for PBXNativeTarget "Dream-CastleSP" */;
			buildPhases = (
				AC9D428020B66E0900AD4BD4 /* Sources */,
				AC9D428120B66E0900AD4BD4 /* Frameworks */,
				AC9D428220B66E0900AD4BD4 /* Resources */,
				ACE8EB8F20B6C21400C091F0 /* ShellScript */,
			);
			buildRules = (
			);
			dependencies = (
			);
			name = "Dream-CastleSP";
			productName = "Dream-CastleSP";
			productReference = AC9D428420B66E0900AD4BD4 /* Dream-CastleSP.app */;
			productType = "com.apple.product-type.application";
		};
		AC9D429A20B66E0B00AD4BD4 /* Dream-CastleSPTests */ = {
			isa = PBXNativeTarget;
			buildConfigurationList = AC9D42B220B66E0B00AD4BD4 /* Build configuration list for PBXNativeTarget "Dream-CastleSPTests" */;
			buildPhases = (
				AC9D429720B66E0B00AD4BD4 /* Sources */,
				AC9D429820B66E0B00AD4BD4 /* Frameworks */,
				AC9D429920B66E0B00AD4BD4 /* Resources */,
			);
			buildRules = (
			);
			dependencies = (
				AC9D429D20B66E0B00AD4BD4 /* PBXTargetDependency */,
			);
			name = "Dream-CastleSPTests";
			productName = "Dream-CastleSPTests";
			productReference = AC9D429B20B66E0B00AD4BD4 /* Dream-CastleSPTests.xctest */;
			productType = "com.apple.product-type.bundle.unit-test";
		};
		AC9D42A520B66E0B00AD4BD4 /* Dream-CastleSPUITests */ = {
			isa = PBXNativeTarget;
			buildConfigurationList = AC9D42B520B66E0B00AD4BD4 /* Build configuration list for PBXNativeTarget "Dream-CastleSPUITests" */;
			buildPhases = (
				AC9D42A220B66E0B00AD4BD4 /* Sources */,
				AC9D42A320B66E0B00AD4BD4 /* Frameworks */,
				AC9D42A420B66E0B00AD4BD4 /* Resources */,
			);
			buildRules = (
			);
			dependencies = (
				AC9D42A820B66E0B00AD4BD4 /* PBXTargetDependency */,
			);
			name = "Dream-CastleSPUITests";
			productName = "Dream-CastleSPUITests";
			productReference = AC9D42A620B66E0B00AD4BD4 /* Dream-CastleSPUITests.xctest */;
			productType = "com.apple.product-type.bundle.ui-testing";
		};
/* End PBXNativeTarget section */

/* Begin PBXProject section */
		AC9D427C20B66E0900AD4BD4 /* Project object */ = {
			isa = PBXProject;
			attributes = {
				LastSwiftUpdateCheck = 0930;
				LastUpgradeCheck = 0930;
				ORGANIZATIONNAME = ClickLabs;
				TargetAttributes = {
					AC9D428320B66E0900AD4BD4 = {
						CreatedOnToolsVersion = 9.3.1;
					};
					AC9D429A20B66E0B00AD4BD4 = {
						CreatedOnToolsVersion = 9.3.1;
						TestTargetID = AC9D428320B66E0900AD4BD4;
					};
					AC9D42A520B66E0B00AD4BD4 = {
						CreatedOnToolsVersion = 9.3.1;
						TestTargetID = AC9D428320B66E0900AD4BD4;
					};
				};
			};
			buildConfigurationList = AC9D427F20B66E0900AD4BD4 /* Build configuration list for PBXProject "Dream-CastleSP" */;
			compatibilityVersion = "Xcode 9.3";
			developmentRegion = en;
			hasScannedForEncodings = 0;
			knownRegions = (
				en,
				Base,
			);
			mainGroup = AC9D427B20B66E0900AD4BD4;
			productRefGroup = AC9D428520B66E0900AD4BD4 /* Products */;
			projectDirPath = "";
			projectRoot = "";
			targets = (
				AC9D428320B66E0900AD4BD4 /* Dream-CastleSP */,
				AC9D429A20B66E0B00AD4BD4 /* Dream-CastleSPTests */,
				AC9D42A520B66E0B00AD4BD4 /* Dream-CastleSPUITests */,
			);
		};
/* End PBXProject section */

/* Begin PBXResourcesBuildPhase section */
		AC9D428220B66E0900AD4BD4 /* Resources */ = {
			isa = PBXResourcesBuildPhase;
			buildActionMask = 2147483647;
			files = (
				AC9D429520B66E0B00AD4BD4 /* LaunchScreen.storyboard in Resources */,
				AC9D429220B66E0B00AD4BD4 /* Assets.xcassets in Resources */,
				AC9D428D20B66E0900AD4BD4 /* OnBoarding.storyboard in Resources */,
			);
			runOnlyForDeploymentPostprocessing = 0;
		};
		AC9D429920B66E0B00AD4BD4 /* Resources */ = {
			isa = PBXResourcesBuildPhase;
			buildActionMask = 2147483647;
			files = (
			);
			runOnlyForDeploymentPostprocessing = 0;
		};
		AC9D42A420B66E0B00AD4BD4 /* Resources */ = {
			isa = PBXResourcesBuildPhase;
			buildActionMask = 2147483647;
			files = (
			);
			runOnlyForDeploymentPostprocessing = 0;
		};
/* End PBXResourcesBuildPhase section */

/* Begin PBXShellScriptBuildPhase section */
		ACE8EB8F20B6C21400C091F0 /* ShellScript */ = {
			isa = PBXShellScriptBuildPhase;
			buildActionMask = 2147483647;
			files = (
			);
			inputPaths = (
				"$(SRCROOT)/Carthage/Build/iOS/ReactiveSwift.framework",
				"$(SRCROOT)/Carthage/Build/iOS/Result.framework",
			);
			outputPaths = (
			);
			runOnlyForDeploymentPostprocessing = 0;
			shellPath = /bin/sh;
			shellScript = "/usr/local/bin/carthage copy-frameworks";
		};
/* End PBXShellScriptBuildPhase section */

/* Begin PBXSourcesBuildPhase section */
		AC9D428020B66E0900AD4BD4 /* Sources */ = {
			isa = PBXSourcesBuildPhase;
			buildActionMask = 2147483647;
			files = (
				AC9D428A20B66E0900AD4BD4 /* ViewController.swift in Sources */,
				AC9D428820B66E0900AD4BD4 /* AppDelegate.swift in Sources */,
				AC9D429020B66E0900AD4BD4 /* Dream_CastleSP.xcdatamodeld in Sources */,
			);
			runOnlyForDeploymentPostprocessing = 0;
		};
		AC9D429720B66E0B00AD4BD4 /* Sources */ = {
			isa = PBXSourcesBuildPhase;
			buildActionMask = 2147483647;
			files = (
				AC9D42A020B66E0B00AD4BD4 /* Dream_CastleSPTests.swift in Sources */,
			);
			runOnlyForDeploymentPostprocessing = 0;
		};
		AC9D42A220B66E0B00AD4BD4 /* Sources */ = {
			isa = PBXSourcesBuildPhase;
			buildActionMask = 2147483647;
			files = (
				AC9D42AB20B66E0B00AD4BD4 /* Dream_CastleSPUITests.swift in Sources */,
			);
			runOnlyForDeploymentPostprocessing = 0;
		};
/* End PBXSourcesBuildPhase section */

/* Begin PBXTargetDependency section */
		AC9D429D20B66E0B00AD4BD4 /* PBXTargetDependency */ = {
			isa = PBXTargetDependency;
			target = AC9D428320B66E0900AD4BD4 /* Dream-CastleSP */;
			targetProxy = AC9D429C20B66E0B00AD4BD4 /* PBXContainerItemProxy */;
		};
		AC9D42A820B66E0B00AD4BD4 /* PBXTargetDependency */ = {
			isa = PBXTargetDependency;
			target = AC9D428320B66E0900AD4BD4 /* Dream-CastleSP */;
			targetProxy = AC9D42A720B66E0B00AD4BD4 /* PBXContainerItemProxy */;
		};
/* End PBXTargetDependency section */

/* Begin PBXVariantGroup section */
		AC9D428B20B66E0900AD4BD4 /* OnBoarding.storyboard */ = {
			isa = PBXVariantGroup;
			children = (
				AC9D428C20B66E0900AD4BD4 /* Base */,
			);
			name = OnBoarding.storyboard;
			sourceTree = "<group>";
		};
		AC9D429320B66E0B00AD4BD4 /* LaunchScreen.storyboard */ = {
			isa = PBXVariantGroup;
			children = (
				AC9D429420B66E0B00AD4BD4 /* Base */,
			);
			name = LaunchScreen.storyboard;
			sourceTree = "<group>";
		};
/* End PBXVariantGroup section */

/* Begin XCBuildConfiguration section */
		AC9D42AD20B66E0B00AD4BD4 /* Debug */ = {
			isa = XCBuildConfiguration;
			buildSettings = {
				ALWAYS_SEARCH_USER_PATHS = NO;
				CLANG_ANALYZER_NONNULL = YES;
				CLANG_ANALYZER_NUMBER_OBJECT_CONVERSION = YES_AGGRESSIVE;
				CLANG_CXX_LANGUAGE_STANDARD = "gnu++14";
				CLANG_CXX_LIBRARY = "libc++";
				CLANG_ENABLE_MODULES = YES;
				CLANG_ENABLE_OBJC_ARC = YES;
				CLANG_ENABLE_OBJC_WEAK = YES;
				CLANG_WARN_BLOCK_CAPTURE_AUTORELEASING = YES;
				CLANG_WARN_BOOL_CONVERSION = YES;
				CLANG_WARN_COMMA = YES;
				CLANG_WARN_CONSTANT_CONVERSION = YES;
				CLANG_WARN_DEPRECATED_OBJC_IMPLEMENTATIONS = YES;
				CLANG_WARN_DIRECT_OBJC_ISA_USAGE = YES_ERROR;
				CLANG_WARN_DOCUMENTATION_COMMENTS = YES;
				CLANG_WARN_EMPTY_BODY = YES;
				CLANG_WARN_ENUM_CONVERSION = YES;
				CLANG_WARN_INFINITE_RECURSION = YES;
				CLANG_WARN_INT_CONVERSION = YES;
				CLANG_WARN_NON_LITERAL_NULL_CONVERSION = YES;
				CLANG_WARN_OBJC_IMPLICIT_RETAIN_SELF = YES;
				CLANG_WARN_OBJC_LITERAL_CONVERSION = YES;
				CLANG_WARN_OBJC_ROOT_CLASS = YES_ERROR;
				CLANG_WARN_RANGE_LOOP_ANALYSIS = YES;
				CLANG_WARN_STRICT_PROTOTYPES = YES;
				CLANG_WARN_SUSPICIOUS_MOVE = YES;
				CLANG_WARN_UNGUARDED_AVAILABILITY = YES_AGGRESSIVE;
				CLANG_WARN_UNREACHABLE_CODE = YES;
				CLANG_WARN__DUPLICATE_METHOD_MATCH = YES;
				CODE_SIGN_IDENTITY = "iPhone Developer";
				COPY_PHASE_STRIP = NO;
				DEBUG_INFORMATION_FORMAT = dwarf;
				ENABLE_STRICT_OBJC_MSGSEND = YES;
				ENABLE_TESTABILITY = YES;
				GCC_C_LANGUAGE_STANDARD = gnu11;
				GCC_DYNAMIC_NO_PIC = NO;
				GCC_NO_COMMON_BLOCKS = YES;
				GCC_OPTIMIZATION_LEVEL = 0;
				GCC_PREPROCESSOR_DEFINITIONS = (
					"DEBUG=1",
					"$(inherited)",
				);
				GCC_WARN_64_TO_32_BIT_CONVERSION = YES;
				GCC_WARN_ABOUT_RETURN_TYPE = YES_ERROR;
				GCC_WARN_UNDECLARED_SELECTOR = YES;
				GCC_WARN_UNINITIALIZED_AUTOS = YES_AGGRESSIVE;
				GCC_WARN_UNUSED_FUNCTION = YES;
				GCC_WARN_UNUSED_VARIABLE = YES;
				IPHONEOS_DEPLOYMENT_TARGET = 11.3;
				MTL_ENABLE_DEBUG_INFO = YES;
				ONLY_ACTIVE_ARCH = YES;
				SDKROOT = iphoneos;
				SWIFT_ACTIVE_COMPILATION_CONDITIONS = DEBUG;
				SWIFT_OPTIMIZATION_LEVEL = "-Onone";
			};
			name = Debug;
		};
		AC9D42AE20B66E0B00AD4BD4 /* Release */ = {
			isa = XCBuildConfiguration;
			buildSettings = {
				ALWAYS_SEARCH_USER_PATHS = NO;
				CLANG_ANALYZER_NONNULL = YES;
				CLANG_ANALYZER_NUMBER_OBJECT_CONVERSION = YES_AGGRESSIVE;
				CLANG_CXX_LANGUAGE_STANDARD = "gnu++14";
				CLANG_CXX_LIBRARY = "libc++";
				CLANG_ENABLE_MODULES = YES;
				CLANG_ENABLE_OBJC_ARC = YES;
				CLANG_ENABLE_OBJC_WEAK = YES;
				CLANG_WARN_BLOCK_CAPTURE_AUTORELEASING = YES;
				CLANG_WARN_BOOL_CONVERSION = YES;
				CLANG_WARN_COMMA = YES;
				CLANG_WARN_CONSTANT_CONVERSION = YES;
				CLANG_WARN_DEPRECATED_OBJC_IMPLEMENTATIONS = YES;
				CLANG_WARN_DIRECT_OBJC_ISA_USAGE = YES_ERROR;
				CLANG_WARN_DOCUMENTATION_COMMENTS = YES;
				CLANG_WARN_EMPTY_BODY = YES;
				CLANG_WARN_ENUM_CONVERSION = YES;
				CLANG_WARN_INFINITE_RECURSION = YES;
				CLANG_WARN_INT_CONVERSION = YES;
				CLANG_WARN_NON_LITERAL_NULL_CONVERSION = YES;
				CLANG_WARN_OBJC_IMPLICIT_RETAIN_SELF = YES;
				CLANG_WARN_OBJC_LITERAL_CONVERSION = YES;
				CLANG_WARN_OBJC_ROOT_CLASS = YES_ERROR;
				CLANG_WARN_RANGE_LOOP_ANALYSIS = YES;
				CLANG_WARN_STRICT_PROTOTYPES = YES;
				CLANG_WARN_SUSPICIOUS_MOVE = YES;
				CLANG_WARN_UNGUARDED_AVAILABILITY = YES_AGGRESSIVE;
				CLANG_WARN_UNREACHABLE_CODE = YES;
				CLANG_WARN__DUPLICATE_METHOD_MATCH = YES;
				CODE_SIGN_IDENTITY = "iPhone Developer";
				COPY_PHASE_STRIP = NO;
				DEBUG_INFORMATION_FORMAT = "dwarf-with-dsym";
				ENABLE_NS_ASSERTIONS = NO;
				ENABLE_STRICT_OBJC_MSGSEND = YES;
				GCC_C_LANGUAGE_STANDARD = gnu11;
				GCC_NO_COMMON_BLOCKS = YES;
				GCC_WARN_64_TO_32_BIT_CONVERSION = YES;
				GCC_WARN_ABOUT_RETURN_TYPE = YES_ERROR;
				GCC_WARN_UNDECLARED_SELECTOR = YES;
				GCC_WARN_UNINITIALIZED_AUTOS = YES_AGGRESSIVE;
				GCC_WARN_UNUSED_FUNCTION = YES;
				GCC_WARN_UNUSED_VARIABLE = YES;
				IPHONEOS_DEPLOYMENT_TARGET = 11.3;
				MTL_ENABLE_DEBUG_INFO = NO;
				SDKROOT = iphoneos;
				SWIFT_COMPILATION_MODE = wholemodule;
				SWIFT_OPTIMIZATION_LEVEL = "-O";
				VALIDATE_PRODUCT = YES;
			};
			name = Release;
		};
		AC9D42B020B66E0B00AD4BD4 /* Debug */ = {
			isa = XCBuildConfiguration;
			buildSettings = {
				ASSETCATALOG_COMPILER_APPICON_NAME = AppIcon;
				CODE_SIGN_STYLE = Manual;
				DEVELOPMENT_TEAM = "";
				FRAMEWORK_SEARCH_PATHS = (
					"$(inherited)",
					"$(PROJECT_DIR)/Carthage/Build/iOS",
				);
				INFOPLIST_FILE = "Dream-CastleSP/Info.plist";
				LD_RUNPATH_SEARCH_PATHS = (
					"$(inherited)",
					"@executable_path/Frameworks",
				);
				PRODUCT_BUNDLE_IDENTIFIER = "com.clicklabs.Dream-CastleSP";
				PRODUCT_NAME = "$(TARGET_NAME)";
				PROVISIONING_PROFILE_SPECIFIER = "";
				SWIFT_VERSION = 4.0;
				TARGETED_DEVICE_FAMILY = "1,2";
			};
			name = Debug;
		};
		AC9D42B120B66E0B00AD4BD4 /* Release */ = {
			isa = XCBuildConfiguration;
			buildSettings = {
				ASSETCATALOG_COMPILER_APPICON_NAME = AppIcon;
				CODE_SIGN_STYLE = Manual;
				DEVELOPMENT_TEAM = "";
				FRAMEWORK_SEARCH_PATHS = (
					"$(inherited)",
					"$(PROJECT_DIR)/Carthage/Build/iOS",
				);
				INFOPLIST_FILE = "Dream-CastleSP/Info.plist";
				LD_RUNPATH_SEARCH_PATHS = (
					"$(inherited)",
					"@executable_path/Frameworks",
				);
				PRODUCT_BUNDLE_IDENTIFIER = "com.clicklabs.Dream-CastleSP";
				PRODUCT_NAME = "$(TARGET_NAME)";
				PROVISIONING_PROFILE_SPECIFIER = "";
				SWIFT_VERSION = 4.0;
				TARGETED_DEVICE_FAMILY = "1,2";
			};
			name = Release;
		};
		AC9D42B320B66E0B00AD4BD4 /* Debug */ = {
			isa = XCBuildConfiguration;
			buildSettings = {
				ALWAYS_EMBED_SWIFT_STANDARD_LIBRARIES = YES;
				BUNDLE_LOADER = "$(TEST_HOST)";
				CODE_SIGN_STYLE = Automatic;
				DEVELOPMENT_TEAM = PB2NUE95WT;
				INFOPLIST_FILE = "Dream-CastleSPTests/Info.plist";
				LD_RUNPATH_SEARCH_PATHS = (
					"$(inherited)",
					"@executable_path/Frameworks",
					"@loader_path/Frameworks",
				);
				PRODUCT_BUNDLE_IDENTIFIER = "com.clicklabs.Dream-CastleSPTests";
				PRODUCT_NAME = "$(TARGET_NAME)";
				SWIFT_VERSION = 4.0;
				TARGETED_DEVICE_FAMILY = "1,2";
				TEST_HOST = "$(BUILT_PRODUCTS_DIR)/Dream-CastleSP.app/Dream-CastleSP";
			};
			name = Debug;
		};
		AC9D42B420B66E0B00AD4BD4 /* Release */ = {
			isa = XCBuildConfiguration;
			buildSettings = {
				ALWAYS_EMBED_SWIFT_STANDARD_LIBRARIES = YES;
				BUNDLE_LOADER = "$(TEST_HOST)";
				CODE_SIGN_STYLE = Automatic;
				DEVELOPMENT_TEAM = PB2NUE95WT;
				INFOPLIST_FILE = "Dream-CastleSPTests/Info.plist";
				LD_RUNPATH_SEARCH_PATHS = (
					"$(inherited)",
					"@executable_path/Frameworks",
					"@loader_path/Frameworks",
				);
				PRODUCT_BUNDLE_IDENTIFIER = "com.clicklabs.Dream-CastleSPTests";
				PRODUCT_NAME = "$(TARGET_NAME)";
				SWIFT_VERSION = 4.0;
				TARGETED_DEVICE_FAMILY = "1,2";
				TEST_HOST = "$(BUILT_PRODUCTS_DIR)/Dream-CastleSP.app/Dream-CastleSP";
			};
			name = Release;
		};
		AC9D42B620B66E0B00AD4BD4 /* Debug */ = {
			isa = XCBuildConfiguration;
			buildSettings = {
				ALWAYS_EMBED_SWIFT_STANDARD_LIBRARIES = YES;
				CODE_SIGN_STYLE = Automatic;
				DEVELOPMENT_TEAM = PB2NUE95WT;
				INFOPLIST_FILE = "Dream-CastleSPUITests/Info.plist";
				LD_RUNPATH_SEARCH_PATHS = (
					"$(inherited)",
					"@executable_path/Frameworks",
					"@loader_path/Frameworks",
				);
				PRODUCT_BUNDLE_IDENTIFIER = "com.clicklabs.Dream-CastleSPUITests";
				PRODUCT_NAME = "$(TARGET_NAME)";
				SWIFT_VERSION = 4.0;
				TARGETED_DEVICE_FAMILY = "1,2";
				TEST_TARGET_NAME = "Dream-CastleSP";
			};
			name = Debug;
		};
		AC9D42B720B66E0B00AD4BD4 /* Release */ = {
			isa = XCBuildConfiguration;
			buildSettings = {
				ALWAYS_EMBED_SWIFT_STANDARD_LIBRARIES = YES;
				CODE_SIGN_STYLE = Automatic;
				DEVELOPMENT_TEAM = PB2NUE95WT;
				INFOPLIST_FILE = "Dream-CastleSPUITests/Info.plist";
				LD_RUNPATH_SEARCH_PATHS = (
					"$(inherited)",
					"@executable_path/Frameworks",
					"@loader_path/Frameworks",
				);
				PRODUCT_BUNDLE_IDENTIFIER = "com.clicklabs.Dream-CastleSPUITests";
				PRODUCT_NAME = "$(TARGET_NAME)";
				SWIFT_VERSION = 4.0;
				TARGETED_DEVICE_FAMILY = "1,2";
				TEST_TARGET_NAME = "Dream-CastleSP";
			};
			name = Release;
		};
/* End XCBuildConfiguration section */

/* Begin XCConfigurationList section */
		AC9D427F20B66E0900AD4BD4 /* Build configuration list for PBXProject "Dream-CastleSP" */ = {
			isa = XCConfigurationList;
			buildConfigurations = (
				AC9D42AD20B66E0B00AD4BD4 /* Debug */,
				AC9D42AE20B66E0B00AD4BD4 /* Release */,
			);
			defaultConfigurationIsVisible = 0;
			defaultConfigurationName = Release;
		};
		AC9D42AF20B66E0B00AD4BD4 /* Build configuration list for PBXNativeTarget "Dream-CastleSP" */ = {
			isa = XCConfigurationList;
			buildConfigurations = (
				AC9D42B020B66E0B00AD4BD4 /* Debug */,
				AC9D42B120B66E0B00AD4BD4 /* Release */,
			);
			defaultConfigurationIsVisible = 0;
			defaultConfigurationName = Release;
		};
		AC9D42B220B66E0B00AD4BD4 /* Build configuration list for PBXNativeTarget "Dream-CastleSPTests" */ = {
			isa = XCConfigurationList;
			buildConfigurations = (
				AC9D42B320B66E0B00AD4BD4 /* Debug */,
				AC9D42B420B66E0B00AD4BD4 /* Release */,
			);
			defaultConfigurationIsVisible = 0;
			defaultConfigurationName = Release;
		};
		AC9D42B520B66E0B00AD4BD4 /* Build configuration list for PBXNativeTarget "Dream-CastleSPUITests" */ = {
			isa = XCConfigurationList;
			buildConfigurations = (
				AC9D42B620B66E0B00AD4BD4 /* Debug */,
				AC9D42B720B66E0B00AD4BD4 /* Release */,
			);
			defaultConfigurationIsVisible = 0;
			defaultConfigurationName = Release;
		};
/* End XCConfigurationList section */

/* Begin XCVersionGroup section */
		AC9D428E20B66E0900AD4BD4 /* Dream_CastleSP.xcdatamodeld */ = {
			isa = XCVersionGroup;
			children = (
				AC9D428F20B66E0900AD4BD4 /* Dream_CastleSP.xcdatamodel */,
			);
			currentVersion = AC9D428F20B66E0900AD4BD4 /* Dream_CastleSP.xcdatamodel */;
			path = Dream_CastleSP.xcdatamodeld;
			sourceTree = "<group>";
			versionGroupType = wrapper.xcdatamodel;
		};
/* End XCVersionGroup section */
	};
	rootObject = AC9D427C20B66E0900AD4BD4 /* Project object */;
}
